
Microsoft Visual Studio Solution File, Format Version 12.00
# Visual Studio Version 17
VisualStudioVersion = 17.0.31903.59
MinimumVisualStudioVersion = 10.0.40219.1
Project("{FAE04EC0-301F-11D3-BF4B-00C04F79EFBC}") = "Project-C-Books-Management", "Project-C-Books-Management\Project-C-Books-Management.csproj", "{3ABC1542-8447-405A-A3EC-0869CCABDAC9}"
EndProject
Global
	GlobalSection(SolutionConfigurationPlatforms) = preSolution
		Debug|Any CPU = Debug|Any CPU
		Release|Any CPU = Release|Any CPU
	EndGlobalSection
	GlobalSection(ProjectConfigurationPlatforms) = postSolution
		{3ABC1542-8447-405A-A3EC-0869CCABDAC9}.Debug|Any CPU.ActiveCfg = Debug|Any CPU
		{3ABC1542-8447-405A-A3EC-0869CCABDAC9}.Debug|Any CPU.Build.0 = Debug|Any CPU
		{3ABC1542-8447-405A-A3EC-0869CCABDAC9}.Release|Any CPU.ActiveCfg = Release|Any CPU
		{3ABC1542-8447-405A-A3EC-0869CCABDAC9}.Release|Any CPU.Build.0 = Release|Any CPU
	EndGlobalSection
	GlobalSection(SolutionProperties) = preSolution
		HideSolutionNode = FALSE
	EndGlobalSection
	GlobalSection(ExtensibilityGlobals) = postSolution
		SolutionGuid = {FEA1B960-0D30-45E6-A5B5-969E560C9FE4}
	EndGlobalSection
EndGlobal
